// !$*UTF8*$!
{
	archiveVersion = 1;
	classes = {
	};
	objectVersion = 50;
	objects = {

/* Begin PBXBuildFile section */
		3E653A422368919F003BA3EB /* AppDelegate.m in Sources */ = {isa = PBXBuildFile; fileRef = 3E653A412368919F003BA3EB /* AppDelegate.m */; };
		3E653A452368919F003BA3EB /* SceneDelegate.m in Sources */ = {isa = PBXBuildFile; fileRef = 3E653A442368919F003BA3EB /* SceneDelegate.m */; };
		3E653A482368919F003BA3EB /* ViewController.m in Sources */ = {isa = PBXBuildFile; fileRef = 3E653A472368919F003BA3EB /* ViewController.m */; };
		3E653A4B2368919F003BA3EB /* Main.storyboard in Resources */ = {isa = PBXBuildFile; fileRef = 3E653A492368919F003BA3EB /* Main.storyboard */; };
		3E653A4D236891A1003BA3EB /* Assets.xcassets in Resources */ = {isa = PBXBuildFile; fileRef = 3E653A4C236891A1003BA3EB /* Assets.xcassets */; };
		3E653A50236891A1003BA3EB /* LaunchScreen.storyboard in Resources */ = {isa = PBXBuildFile; fileRef = 3E653A4E236891A1003BA3EB /* LaunchScreen.storyboard */; };
		3E653A53236891A1003BA3EB /* main.m in Sources */ = {isa = PBXBuildFile; fileRef = 3E653A52236891A1003BA3EB /* main.m */; };
		3E653A5B23689FA4003BA3EB /* CYTimer.m in Sources */ = {isa = PBXBuildFile; fileRef = 3E653A5A23689FA4003BA3EB /* CYTimer.m */; };
/* End PBXBuildFile section */

/* Begin PBXFileReference section */
		3E653A3D2368919F003BA3EB /* GCYTimer.app */ = {isa = PBXFileReference; explicitFileType = wrapper.application; includeInIndex = 0; path = GCYTimer.app; sourceTree = BUILT_PRODUCTS_DIR; };
		3E653A402368919F003BA3EB /* AppDelegate.h */ = {isa = PBXFileReference; lastKnownFileType = sourcecode.c.h; path = AppDelegate.h; sourceTree = "<group>"; };
		3E653A412368919F003BA3EB /* AppDelegate.m */ = {isa = PBXFileReference; lastKnownFileType = sourcecode.c.objc; path = AppDelegate.m; sourceTree = "<group>"; };
		3E653A432368919F003BA3EB /* SceneDelegate.h */ = {isa = PBXFileReference; lastKnownFileType = sourcecode.c.h; path = SceneDelegate.h; sourceTree = "<group>"; };
		3E653A442368919F003BA3EB /* SceneDelegate.m */ = {isa = PBXFileReference; lastKnownFileType = sourcecode.c.objc; path = SceneDelegate.m; sourceTree = "<group>"; };
		3E653A462368919F003BA3EB /* ViewController.h */ = {isa = PBXFileReference; lastKnownFileType = sourcecode.c.h; path = ViewController.h; sourceTree = "<group>"; };
		3E653A472368919F003BA3EB /* ViewController.m */ = {isa = PBXFileReference; lastKnownFileType = sourcecode.c.objc; path = ViewController.m; sourceTree = "<group>"; };
		3E653A4A2368919F003BA3EB /* Base */ = {isa = PBXFileReference; lastKnownFileType = file.storyboard; name = Base; path = Base.lproj/Main.storyboard; sourceTree = "<group>"; };
		3E653A4C236891A1003BA3EB /* Assets.xcassets */ = {isa = PBXFileReference; lastKnownFileType = folder.assetcatalog; path = Assets.xcassets; sourceTree = "<group>"; };
		3E653A4F236891A1003BA3EB /* Base */ = {isa = PBXFileReference; lastKnownFileType = file.storyboard; name = Base; path = Base.lproj/LaunchScreen.storyboard; sourceTree = "<group>"; };
		3E653A51236891A1003BA3EB /* Info.plist */ = {isa = PBXFileReference; lastKnownFileType = text.plist.xml; path = Info.plist; sourceTree = "<group>"; };
		3E653A52236891A1003BA3EB /* main.m */ = {isa = PBXFileReference; lastKnownFileType = sourcecode.c.objc; path = main.m; sourceTree = "<group>"; };
		3E653A5923689FA4003BA3EB /* CYTimer.h */ = {isa = PBXFileReference; lastKnownFileType = sourcecode.c.h; path = CYTimer.h; sourceTree = "<group>"; };
		3E653A5A23689FA4003BA3EB /* CYTimer.m */ = {isa = PBXFileReference; lastKnownFileType = sourcecode.c.objc; path = CYTimer.m; sourceTree = "<group>"; };
/* End PBXFileReference section */

/* Begin PBXFrameworksBuildPhase section */
		3E653A3A2368919F003BA3EB /* Frameworks */ = {
			isa = PBXFrameworksBuildPhase;
			buildActionMask = 2147483647;
			files = (
			);
			runOnlyForDeploymentPostprocessing = 0;
		};
/* End PBXFrameworksBuildPhase section */

/* Begin PBXGroup section */
		3E653A342368919F003BA3EB = {
			isa = PBXGroup;
			children = (
				3E653A3F2368919F003BA3EB /* GCYTimer */,
				3E653A3E2368919F003BA3EB /* Products */,
			);
			sourceTree = "<group>";
		};
		3E653A3E2368919F003BA3EB /* Products */ = {
			isa = PBXGroup;
			children = (
				3E653A3D2368919F003BA3EB /* GCYTimer.app */,
			);
			name = Products;
			sourceTree = "<group>";
		};
		3E653A3F2368919F003BA3EB /* GCYTimer */ = {
			isa = PBXGroup;
			children = (
				3E653A402368919F003BA3EB /* AppDelegate.h */,
				3E653A412368919F003BA3EB /* AppDelegate.m */,
				3E653A432368919F003BA3EB /* SceneDelegate.h */,
				3E653A442368919F003BA3EB /* SceneDelegate.m */,
				3E653A462368919F003BA3EB /* ViewController.h */,
				3E653A472368919F003BA3EB /* ViewController.m */,
				3E653A492368919F003BA3EB /* Main.storyboard */,
				3E653A4C236891A1003BA3EB /* Assets.xcassets */,
				3E653A4E236891A1003BA3EB /* LaunchScreen.storyboard */,
				3E653A51236891A1003BA3EB /* Info.plist */,
				3E653A52236891A1003BA3EB /* main.m */,
				3E653A5923689FA4003BA3EB /* CYTimer.h */,
				3E653A5A23689FA4003BA3EB /* CYTimer.m */,
			);
			path = GCYTimer;
			sourceTree = "<group>";
		};
/* End PBXGroup section */

/* Begin PBXNativeTarget section */
		3E653A3C2368919F003BA3EB /* GCYTimer */ = {
			isa = PBXNativeTarget;
			buildConfigurationList = 3E653A56236891A1003BA3EB /* Build configuration list for PBXNativeTarget "GCYTimer" */;
			buildPhases = (
				3E653A392368919F003BA3EB /* Sources */,
				3E653A3A2368919F003BA3EB /* Frameworks */,
				3E653A3B2368919F003BA3EB /* Resources */,
			);
			buildRules = (
			);
			dependencies = (
			);
			name = GCYTimer;
			productName = GCYTimer;
			productReference = 3E653A3D2368919F003BA3EB /* GCYTimer.app */;
			productType = "com.apple.product-type.application";
		};
/* End PBXNativeTarget section */

/* Begin PBXProject section */
		3E653A352368919F003BA3EB /* Project object */ = {
			isa = PBXProject;
			attributes = {
				LastUpgradeCheck = 1110;
				ORGANIZATIONNAME = Yang;
				TargetAttributes = {
					3E653A3C2368919F003BA3EB = {
						CreatedOnToolsVersion = 11.1;
					};
				};
			};
			buildConfigurationList = 3E653A382368919F003BA3EB /* Build configuration list for PBXProject "GCYTimer" */;
			compatibilityVersion = "Xcode 9.3";
			developmentRegion = en;
			hasScannedForEncodings = 0;
			knownRegions = (
				en,
				Base,
			);
			mainGroup = 3E653A342368919F003BA3EB;
			productRefGroup = 3E653A3E2368919F003BA3EB /* Products */;
			projectDirPath = "";
			projectRoot = "";
			targets = (
				3E653A3C2368919F003BA3EB /* GCYTimer */,
			);
		};
/* End PBXProject section */

/* Begin PBXResourcesBuildPhase section */
		3E653A3B2368919F003BA3EB /* Resources */ = {
			isa = PBXResourcesBuildPhase;
			buildActionMask = 2147483647;
			files = (
				3E653A50236891A1003BA3EB /* LaunchScreen.storyboard in Resources */,
				3E653A4D236891A1003BA3EB /* Assets.xcassets in Resources */,
				3E653A4B2368919F003BA3EB /* Main.storyboard in Resources */,
			);
			runOnlyForDeploymentPostprocessing = 0;
		};
/* End PBXResourcesBuildPhase section */

/* Begin PBXSourcesBuildPhase section */
		3E653A392368919F003BA3EB /* Sources */ = {
			isa = PBXSourcesBuildPhase;
			buildActionMask = 2147483647;
			files = (
				3E653A482368919F003BA3EB /* ViewController.m in Sources */,
				3E653A422368919F003BA3EB /* AppDelegate.m in Sources */,
				3E653A53236891A1003BA3EB /* main.m in Sources */,
				3E653A5B23689FA4003BA3EB /* CYTimer.m in Sources */,
				3E653A452368919F003BA3EB /* SceneDelegate.m in Sources */,
			);
			runOnlyForDeploymentPostprocessing = 0;
		};
/* End PBXSourcesBuildPhase section */

/* Begin PBXVariantGroup section */
		3E653A492368919F003BA3EB /* Main.storyboard */ = {
			isa = PBXVariantGroup;
			children = (
				3E653A4A2368919F003BA3EB /* Base */,
			);
			name = Main.storyboard;
			sourceTree = "<group>";
		};
		3E653A4E236891A1003BA3EB /* LaunchScreen.storyboard */ = {
			isa = PBXVariantGroup;
			children = (
				3E653A4F236891A1003BA3EB /* Base */,
			);
			name = LaunchScreen.storyboard;
			sourceTree = "<group>";
		};
/* End PBXVariantGroup section */

/* Begin XCBuildConfiguration section */
		3E653A54236891A1003BA3EB /* Debug */ = {
			isa = XCBuildConfiguration;
			buildSettings = {
				ALWAYS_SEARCH_USER_PATHS = NO;
				CLANG_ANALYZER_NONNULL = YES;
				CLANG_ANALYZER_NUMBER_OBJECT_CONVERSION = YES_AGGRESSIVE;
				CLANG_CXX_LANGUAGE_STANDARD = "gnu++14";
				CLANG_CXX_LIBRARY = "libc++";
				CLANG_ENABLE_MODULES = YES;
				CLANG_ENABLE_OBJC_ARC = YES;
				CLANG_ENABLE_OBJC_WEAK = YES;
				CLANG_WARN_BLOCK_CAPTURE_AUTORELEASING = YES;
				CLANG_WARN_BOOL_CONVERSION = YES;
				CLANG_WARN_COMMA = YES;
				CLANG_WARN_CONSTANT_CONVERSION = YES;
				CLANG_WARN_DEPRECATED_OBJC_IMPLEMENTATIONS = YES;
				CLANG_WARN_DIRECT_OBJC_ISA_USAGE = YES_ERROR;
				CLANG_WARN_DOCUMENTATION_COMMENTS = YES;
				CLANG_WARN_EMPTY_BODY = YES;
				CLANG_WARN_ENUM_CONVERSION = YES;
				CLANG_WARN_INFINITE_RECURSION = YES;
				CLANG_WARN_INT_CONVERSION = YES;
				CLANG_WARN_NON_LITERAL_NULL_CONVERSION = YES;
				CLANG_WARN_OBJC_IMPLICIT_RETAIN_SELF = YES;
				CLANG_WARN_OBJC_LITERAL_CONVERSION = YES;
				CLANG_WARN_OBJC_ROOT_CLASS = YES_ERROR;
				CLANG_WARN_RANGE_LOOP_ANALYSIS = YES;
				CLANG_WARN_STRICT_PROTOTYPES = YES;
				CLANG_WARN_SUSPICIOUS_MOVE = YES;
				CLANG_WARN_UNGUARDED_AVAILABILITY = YES_AGGRESSIVE;
				CLANG_WARN_UNREACHABLE_CODE = YES;
				CLANG_WARN__DUPLICATE_METHOD_MATCH = YES;
				COPY_PHASE_STRIP = NO;
				DEBUG_INFORMATION_FORMAT = dwarf;
				ENABLE_STRICT_OBJC_MSGSEND = YES;
				ENABLE_TESTABILITY = YES;
				GCC_C_LANGUAGE_STANDARD = gnu11;
				GCC_DYNAMIC_NO_PIC = NO;
				GCC_NO_COMMON_BLOCKS = YES;
				GCC_OPTIMIZATION_LEVEL = 0;
				GCC_PREPROCESSOR_DEFINITIONS = (
					"DEBUG=1",
					"$(inherited)",
				);
				GCC_WARN_64_TO_32_BIT_CONVERSION = YES;
				GCC_WARN_ABOUT_RETURN_TYPE = YES_ERROR;
				GCC_WARN_UNDECLARED_SELECTOR = YES;
				GCC_WARN_UNINITIALIZED_AUTOS = YES_AGGRESSIVE;
				GCC_WARN_UNUSED_FUNCTION = YES;
				GCC_WARN_UNUSED_VARIABLE = YES;
				IPHONEOS_DEPLOYMENT_TARGET = 13.1;
				MTL_ENABLE_DEBUG_INFO = INCLUDE_SOURCE;
				MTL_FAST_MATH = YES;
				ONLY_ACTIVE_ARCH = YES;
				SDKROOT = iphoneos;
			};
			name = Debug;
		};
		3E653A55236891A1003BA3EB /* Release */ = {
			isa = XCBuildConfiguration;
			buildSettings = {
				ALWAYS_SEARCH_USER_PATHS = NO;
				CLANG_ANALYZER_NONNULL = YES;
				CLANG_ANALYZER_NUMBER_OBJECT_CONVERSION = YES_AGGRESSIVE;
				CLANG_CXX_LANGUAGE_STANDARD = "gnu++14";
				CLANG_CXX_LIBRARY = "libc++";
				CLANG_ENABLE_MODULES = YES;
				CLANG_ENABLE_OBJC_ARC = YES;
				CLANG_ENABLE_OBJC_WEAK = YES;
				CLANG_WARN_BLOCK_CAPTURE_AUTORELEASING = YES;
				CLANG_WARN_BOOL_CONVERSION = YES;
				CLANG_WARN_COMMA = YES;
				CLANG_WARN_CONSTANT_CONVERSION = YES;
				CLANG_WARN_DEPRECATED_OBJC_IMPLEMENTATIONS = YES;
				CLANG_WARN_DIRECT_OBJC_ISA_USAGE = YES_ERROR;
				CLANG_WARN_DOCUMENTATION_COMMENTS = YES;
				CLANG_WARN_EMPTY_BODY = YES;
				CLANG_WARN_ENUM_CONVERSION = YES;
				CLANG_WARN_INFINITE_RECURSION = YES;
				CLANG_WARN_INT_CONVERSION = YES;
				CLANG_WARN_NON_LITERAL_NULL_CONVERSION = YES;
				CLANG_WARN_OBJC_IMPLICIT_RETAIN_SELF = YES;
				CLANG_WARN_OBJC_LITERAL_CONVERSION = YES;
				CLANG_WARN_OBJC_ROOT_CLASS = YES_ERROR;
				CLANG_WARN_RANGE_LOOP_ANALYSIS = YES;
				CLANG_WARN_STRICT_PROTOTYPES = YES;
				CLANG_WARN_SUSPICIOUS_MOVE = YES;
				CLANG_WARN_UNGUARDED_AVAILABILITY = YES_AGGRESSIVE;
				CLANG_WARN_UNREACHABLE_CODE = YES;
				CLANG_WARN__DUPLICATE_METHOD_MATCH = YES;
				COPY_PHASE_STRIP = NO;
				DEBUG_INFORMATION_FORMAT = "dwarf-with-dsym";
				ENABLE_NS_ASSERTIONS = NO;
				ENABLE_STRICT_OBJC_MSGSEND = YES;
				GCC_C_LANGUAGE_STANDARD = gnu11;
				GCC_NO_COMMON_BLOCKS = YES;
				GCC_WARN_64_TO_32_BIT_CONVERSION = YES;
				GCC_WARN_ABOUT_RETURN_TYPE = YES_ERROR;
				GCC_WARN_UNDECLARED_SELECTOR = YES;
				GCC_WARN_UNINITIALIZED_AUTOS = YES_AGGRESSIVE;
				GCC_WARN_UNUSED_FUNCTION = YES;
				GCC_WARN_UNUSED_VARIABLE = YES;
				IPHONEOS_DEPLOYMENT_TARGET = 13.1;
				MTL_ENABLE_DEBUG_INFO = NO;
				MTL_FAST_MATH = YES;
				SDKROOT = iphoneos;
				VALIDATE_PRODUCT = YES;
			};
			name = Release;
		};
		3E653A57236891A1003BA3EB /* Debug */ = {
			isa = XCBuildConfiguration;
			buildSettings = {
				ASSETCATALOG_COMPILER_APPICON_NAME = AppIcon;
				CODE_SIGN_STYLE = Automatic;
				DEVELOPMENT_TEAM = 9P7X8YSS7W;
				INFOPLIST_FILE = GCYTimer/Info.plist;
				LD_RUNPATH_SEARCH_PATHS = (
					"$(inherited)",
					"@executable_path/Frameworks",
				);
				PRODUCT_BUNDLE_IDENTIFIER = top.ws654.www.GCYTimer;
				PRODUCT_NAME = "$(TARGET_NAME)";
				TARGETED_DEVICE_FAMILY = "1,2";
			};
			name = Debug;
		};
		3E653A58236891A1003BA3EB /* Release */ = {
			isa = XCBuildConfiguration;
			buildSettings = {
				ASSETCATALOG_COMPILER_APPICON_NAME = AppIcon;
				CODE_SIGN_STYLE = Automatic;
				DEVELOPMENT_TEAM = 9P7X8YSS7W;
				INFOPLIST_FILE = GCYTimer/Info.plist;
				LD_RUNPATH_SEARCH_PATHS = (
					"$(inherited)",
					"@executable_path/Frameworks",
				);
				PRODUCT_BUNDLE_IDENTIFIER = top.ws654.www.GCYTimer;
				PRODUCT_NAME = "$(TARGET_NAME)";
				TARGETED_DEVICE_FAMILY = "1,2";
			};
			name = Release;
		};
/* End XCBuildConfiguration section */

/* Begin XCConfigurationList section */
		3E653A382368919F003BA3EB /* Build configuration list for PBXProject "GCYTimer" */ = {
			isa = XCConfigurationList;
			buildConfigurations = (
				3E653A54236891A1003BA3EB /* Debug */,
				3E653A55236891A1003BA3EB /* Release */,
			);
			defaultConfigurationIsVisible = 0;
			defaultConfigurationName = Release;
		};
		3E653A56236891A1003BA3EB /* Build configuration list for PBXNativeTarget "GCYTimer" */ = {
			isa = XCConfigurationList;
			buildConfigurations = (
				3E653A57236891A1003BA3EB /* Debug */,
				3E653A58236891A1003BA3EB /* Release */,
			);
			defaultConfigurationIsVisible = 0;
			defaultConfigurationName = Release;
		};
/* End XCConfigurationList section */
	};
	rootObject = 3E653A352368919F003BA3EB /* Project object */;
}
